// !$*UTF8*$!
{
	archiveVersion = 1;
	classes = {
	};
	objectVersion = 45;
	objects = {

/* Begin PBXBuildFile section */
		1DDD58160DA1D0A300B32029 /* MainMenu.xib in Resources */ = {isa = PBXBuildFile; fileRef = 1DDD58140DA1D0A300B32029 /* MainMenu.xib */; };
		4B2020390F50579000229455 /* KNDisplayedNameTransformer.m in Sources */ = {isa = PBXBuildFile; fileRef = 4B2020380F50579000229455 /* KNDisplayedNameTransformer.m */; };
		4B23AA050F45CA4D007E5ECA /* ADBFacade.m in Sources */ = {isa = PBXBuildFile; fileRef = 4B23AA040F45CA4D007E5ECA /* ADBFacade.m */; };
		4B290E340F482120001F51E6 /* NSXMLNode+Extensions.m in Sources */ = {isa = PBXBuildFile; fileRef = 4B290E330F482120001F51E6 /* NSXMLNode+Extensions.m */; };
		4B290E550F4821D7001F51E6 /* ADBMylistExport.m in Sources */ = {isa = PBXBuildFile; fileRef = 4B290E540F4821D7001F51E6 /* ADBMylistExport.m */; };
		4B4845CF0F3EC97F00DD56C5 /* KNStatusToStringTransformer.m in Sources */ = {isa = PBXBuildFile; fileRef = 4B4845CE0F3EC97F00DD56C5 /* KNStatusToStringTransformer.m */; };
		4B4845D30F3EC9DA00DD56C5 /* Localizable.strings in Resources */ = {isa = PBXBuildFile; fileRef = 4B4845D20F3EC9DA00DD56C5 /* Localizable.strings */; };
		4B48BE1C0F4B01C8007B8F51 /* ADBObject.m in Sources */ = {isa = PBXBuildFile; fileRef = 4B48BE1B0F4B01C8007B8F51 /* ADBObject.m */; };
		4B48C0810F4B50E2007B8F51 /* ADBCachedFacade.m in Sources */ = {isa = PBXBuildFile; fileRef = 4B48C0800F4B50E2007B8F51 /* ADBCachedFacade.m */; };
		4B5B70810F48949000B070E5 /* KNED2k.m in Sources */ = {isa = PBXBuildFile; fileRef = 4B5B70800F48949000B070E5 /* KNED2k.m */; };
		4B5B73060F49919500B070E5 /* KNPreferences.m in Sources */ = {isa = PBXBuildFile; fileRef = 4B5B73050F49919500B070E5 /* KNPreferences.m */; };
		4B60ECA30F541B7100AB64F8 /* KNMacController.m in Sources */ = {isa = PBXBuildFile; fileRef = 4B60ECA20F541B7100AB64F8 /* KNMacController.m */; };
		4B808EDF0F3BF88300001AF0 /* ADBConnection.m in Sources */ = {isa = PBXBuildFile; fileRef = 4B808EDE0F3BF88300001AF0 /* ADBConnection.m */; };
		4B81E04B0F45771A0030D3AC /* ADBMylistEntry.m in Sources */ = {isa = PBXBuildFile; fileRef = 4B81E04A0F45771A0030D3AC /* ADBMylistEntry.m */; };
		4BA7007A0F3AC8A8000E6A65 /* QuickLite.framework in Frameworks */ = {isa = PBXBuildFile; fileRef = 4BA700790F3AC8A8000E6A65 /* QuickLite.framework */; };
		4BAB8F250F3C4C200073CAB4 /* EDSocket.m in Sources */ = {isa = PBXBuildFile; fileRef = 4BAB8F1F0F3C4C200073CAB4 /* EDSocket.m */; };
		4BAB8F260F3C4C200073CAB4 /* EDIPSocket.m in Sources */ = {isa = PBXBuildFile; fileRef = 4BAB8F210F3C4C200073CAB4 /* EDIPSocket.m */; };
		4BAB8F270F3C4C200073CAB4 /* EDUDPSocket.m in Sources */ = {isa = PBXBuildFile; fileRef = 4BAB8F240F3C4C200073CAB4 /* EDUDPSocket.m */; };
		4BAB8F2B0F3C4C470073CAB4 /* NSObject+Extensions.m in Sources */ = {isa = PBXBuildFile; fileRef = 4BAB8F290F3C4C470073CAB4 /* NSObject+Extensions.m */; };
		4BAB8F3B0F3C4C7E0073CAB4 /* functions.m in Sources */ = {isa = PBXBuildFile; fileRef = 4BAB8F390F3C4C7E0073CAB4 /* functions.m */; };
		4BAB8F3F0F3C4C9D0073CAB4 /* NSFileHandle+Extensions.m in Sources */ = {isa = PBXBuildFile; fileRef = 4BAB8F3D0F3C4C9D0073CAB4 /* NSFileHandle+Extensions.m */; };
		4BE6C44D0F39FBD000123B94 /* KNController.m in Sources */ = {isa = PBXBuildFile; fileRef = 4BE6C44C0F39FBD000123B94 /* KNController.m */; };
		4BE6C45F0F39FE3500123B94 /* ADBAnime.m in Sources */ = {isa = PBXBuildFile; fileRef = 4BE6C4520F39FE3500123B94 /* ADBAnime.m */; };
		4BE6C4600F39FE3500123B94 /* ADBEpisode.m in Sources */ = {isa = PBXBuildFile; fileRef = 4BE6C4540F39FE3500123B94 /* ADBEpisode.m */; };
		4BE6C4610F39FE3500123B94 /* ADBFile.m in Sources */ = {isa = PBXBuildFile; fileRef = 4BE6C4560F39FE3500123B94 /* ADBFile.m */; };
		4BE6C4620F39FE3500123B94 /* ADBGroup.m in Sources */ = {isa = PBXBuildFile; fileRef = 4BE6C4580F39FE3500123B94 /* ADBGroup.m */; };
		4BE6C4630F39FE3500123B94 /* KNLocalizeKeyTransformer.m in Sources */ = {isa = PBXBuildFile; fileRef = 4BE6C45A0F39FE3500123B94 /* KNLocalizeKeyTransformer.m */; };
		4BE6C4640F39FE3500123B94 /* KNNode.m in Sources */ = {isa = PBXBuildFile; fileRef = 4BE6C45C0F39FE3500123B94 /* KNNode.m */; };
		4BE6C4650F39FE3500123B94 /* KNPropertiesTransformer.m in Sources */ = {isa = PBXBuildFile; fileRef = 4BE6C45E0F39FE3500123B94 /* KNPropertiesTransformer.m */; };
		8D11072B0486CEB800E47090 /* InfoPlist.strings in Resources */ = {isa = PBXBuildFile; fileRef = 089C165CFE840E0CC02AAC07 /* InfoPlist.strings */; };
		8D11072D0486CEB800E47090 /* main.m in Sources */ = {isa = PBXBuildFile; fileRef = 29B97316FDCFA39411CA2CEA /* main.m */; settings = {ATTRIBUTES = (); }; };
		8D11072F0486CEB800E47090 /* Cocoa.framework in Frameworks */ = {isa = PBXBuildFile; fileRef = 1058C7A1FEA54F0111CA2CBB /* Cocoa.framework */; };
/* End PBXBuildFile section */

/* Begin PBXFileReference section */
		089C165DFE840E0CC02AAC07 /* English */ = {isa = PBXFileReference; fileEncoding = 10; lastKnownFileType = text.plist.strings; name = English; path = English.lproj/InfoPlist.strings; sourceTree = "<group>"; };
		1058C7A1FEA54F0111CA2CBB /* Cocoa.framework */ = {isa = PBXFileReference; lastKnownFileType = wrapper.framework; name = Cocoa.framework; path = /System/Library/Frameworks/Cocoa.framework; sourceTree = "<absolute>"; };
		13E42FB307B3F0F600E4EEF1 /* CoreData.framework */ = {isa = PBXFileReference; lastKnownFileType = wrapper.framework; name = CoreData.framework; path = /System/Library/Frameworks/CoreData.framework; sourceTree = "<absolute>"; };
		1DDD58150DA1D0A300B32029 /* English */ = {isa = PBXFileReference; lastKnownFileType = file.xib; name = English; path = English.lproj/MainMenu.xib; sourceTree = "<group>"; };
		29B97316FDCFA39411CA2CEA /* main.m */ = {isa = PBXFileReference; fileEncoding = 4; lastKnownFileType = sourcecode.c.objc; path = main.m; sourceTree = "<group>"; };
		29B97324FDCFA39411CA2CEA /* AppKit.framework */ = {isa = PBXFileReference; lastKnownFileType = wrapper.framework; name = AppKit.framework; path = /System/Library/Frameworks/AppKit.framework; sourceTree = "<absolute>"; };
		29B97325FDCFA39411CA2CEA /* Foundation.framework */ = {isa = PBXFileReference; lastKnownFileType = wrapper.framework; name = Foundation.framework; path = /System/Library/Frameworks/Foundation.framework; sourceTree = "<absolute>"; };
		32CA4F630368D1EE00C91783 /* Nijikon_Prefix.pch */ = {isa = PBXFileReference; fileEncoding = 4; lastKnownFileType = sourcecode.c.h; path = Nijikon_Prefix.pch; sourceTree = "<group>"; };
		4B2020370F50579000229455 /* KNDisplayedNameTransformer.h */ = {isa = PBXFileReference; fileEncoding = 4; lastKnownFileType = sourcecode.c.h; path = KNDisplayedNameTransformer.h; sourceTree = "<group>"; };
		4B2020380F50579000229455 /* KNDisplayedNameTransformer.m */ = {isa = PBXFileReference; fileEncoding = 4; lastKnownFileType = sourcecode.c.objc; path = KNDisplayedNameTransformer.m; sourceTree = "<group>"; };
		4B23AA030F45CA4D007E5ECA /* ADBFacade.h */ = {isa = PBXFileReference; fileEncoding = 4; lastKnownFileType = sourcecode.c.h; path = ADBFacade.h; sourceTree = "<group>"; };
		4B23AA040F45CA4D007E5ECA /* ADBFacade.m */ = {isa = PBXFileReference; fileEncoding = 4; lastKnownFileType = sourcecode.c.objc; path = ADBFacade.m; sourceTree = "<group>"; };
		4B23ACC60F461173007E5ECA /* ADBKeyArrays.h */ = {isa = PBXFileReference; fileEncoding = 4; lastKnownFileType = sourcecode.c.h; path = ADBKeyArrays.h; sourceTree = "<group>"; };
		4B290E320F482120001F51E6 /* NSXMLNode+Extensions.h */ = {isa = PBXFileReference; fileEncoding = 4; lastKnownFileType = sourcecode.c.h; path = "NSXMLNode+Extensions.h"; sourceTree = "<group>"; };
		4B290E330F482120001F51E6 /* NSXMLNode+Extensions.m */ = {isa = PBXFileReference; fileEncoding = 4; lastKnownFileType = sourcecode.c.objc; path = "NSXMLNode+Extensions.m"; sourceTree = "<group>"; };
		4B290E530F4821D7001F51E6 /* ADBMylistExport.h */ = {isa = PBXFileReference; fileEncoding = 4; lastKnownFileType = sourcecode.c.h; path = ADBMylistExport.h; sourceTree = "<group>"; };
		4B290E540F4821D7001F51E6 /* ADBMylistExport.m */ = {isa = PBXFileReference; fileEncoding = 4; lastKnownFileType = sourcecode.c.objc; path = ADBMylistExport.m; sourceTree = "<group>"; };
		4B4845CD0F3EC97F00DD56C5 /* KNStatusToStringTransformer.h */ = {isa = PBXFileReference; fileEncoding = 4; lastKnownFileType = sourcecode.c.h; path = KNStatusToStringTransformer.h; sourceTree = "<group>"; };
		4B4845CE0F3EC97F00DD56C5 /* KNStatusToStringTransformer.m */ = {isa = PBXFileReference; fileEncoding = 4; lastKnownFileType = sourcecode.c.objc; path = KNStatusToStringTransformer.m; sourceTree = "<group>"; };
		4B4845D00F3EC9B900DD56C5 /* English */ = {isa = PBXFileReference; fileEncoding = 10; lastKnownFileType = text.plist.strings; name = English; path = English.lproj/Localizable.strings; sourceTree = "<group>"; };
		4B48BE1A0F4B01C8007B8F51 /* ADBObject.h */ = {isa = PBXFileReference; fileEncoding = 4; lastKnownFileType = sourcecode.c.h; path = ADBObject.h; sourceTree = "<group>"; };
		4B48BE1B0F4B01C8007B8F51 /* ADBObject.m */ = {isa = PBXFileReference; fileEncoding = 4; lastKnownFileType = sourcecode.c.objc; path = ADBObject.m; sourceTree = "<group>"; };
		4B48C07F0F4B50E2007B8F51 /* ADBCachedFacade.h */ = {isa = PBXFileReference; fileEncoding = 4; lastKnownFileType = sourcecode.c.h; path = ADBCachedFacade.h; sourceTree = "<group>"; };
		4B48C0800F4B50E2007B8F51 /* ADBCachedFacade.m */ = {isa = PBXFileReference; fileEncoding = 4; lastKnownFileType = sourcecode.c.objc; path = ADBCachedFacade.m; sourceTree = "<group>"; };
		4B5B707F0F48949000B070E5 /* KNED2k.h */ = {isa = PBXFileReference; fileEncoding = 4; lastKnownFileType = sourcecode.c.h; path = KNED2k.h; sourceTree = "<group>"; };
		4B5B70800F48949000B070E5 /* KNED2k.m */ = {isa = PBXFileReference; fileEncoding = 4; lastKnownFileType = sourcecode.c.objc; path = KNED2k.m; sourceTree = "<group>"; };
		4B5B73040F49919500B070E5 /* KNPreferences.h */ = {isa = PBXFileReference; fileEncoding = 4; lastKnownFileType = sourcecode.c.h; path = KNPreferences.h; sourceTree = "<group>"; };
		4B5B73050F49919500B070E5 /* KNPreferences.m */ = {isa = PBXFileReference; fileEncoding = 4; lastKnownFileType = sourcecode.c.objc; path = KNPreferences.m; sourceTree = "<group>"; };
		4B5B73120F49931000B070E5 /* KNKeyArrays.h */ = {isa = PBXFileReference; fileEncoding = 4; lastKnownFileType = sourcecode.c.h; path = KNKeyArrays.h; sourceTree = "<group>"; };
		4B60EC7F0F54172400AB64F8 /* Nijikon iPhone-Info.plist */ = {isa = PBXFileReference; lastKnownFileType = text.plist.xml; path = "Nijikon iPhone-Info.plist"; sourceTree = "<group>"; };
		4B60EC8F0F54189600AB64F8 /* KNiPhoneController.h */ = {isa = PBXFileReference; fileEncoding = 4; lastKnownFileType = sourcecode.c.h; path = KNiPhoneController.h; sourceTree = "<group>"; };
		4B60EC900F54189600AB64F8 /* KNiPhoneController.m */ = {isa = PBXFileReference; fileEncoding = 4; lastKnownFileType = sourcecode.c.objc; path = KNiPhoneController.m; sourceTree = "<group>"; };
		4B60ECA10F541B7100AB64F8 /* KNMacController.h */ = {isa = PBXFileReference; fileEncoding = 4; lastKnownFileType = sourcecode.c.h; path = KNMacController.h; sourceTree = "<group>"; };
		4B60ECA20F541B7100AB64F8 /* KNMacController.m */ = {isa = PBXFileReference; fileEncoding = 4; lastKnownFileType = sourcecode.c.objc; path = KNMacController.m; sourceTree = "<group>"; };
		4B808EDD0F3BF88300001AF0 /* ADBConnection.h */ = {isa = PBXFileReference; fileEncoding = 4; lastKnownFileType = sourcecode.c.h; path = ADBConnection.h; sourceTree = "<group>"; };
		4B808EDE0F3BF88300001AF0 /* ADBConnection.m */ = {isa = PBXFileReference; fileEncoding = 4; lastKnownFileType = sourcecode.c.objc; path = ADBConnection.m; sourceTree = "<group>"; };
		4B81E0490F45771A0030D3AC /* ADBMylistEntry.h */ = {isa = PBXFileReference; fileEncoding = 4; lastKnownFileType = sourcecode.c.h; path = ADBMylistEntry.h; sourceTree = "<group>"; };
		4B81E04A0F45771A0030D3AC /* ADBMylistEntry.m */ = {isa = PBXFileReference; fileEncoding = 4; lastKnownFileType = sourcecode.c.objc; path = ADBMylistEntry.m; sourceTree = "<group>"; };
		4BA700790F3AC8A8000E6A65 /* QuickLite.framework */ = {isa = PBXFileReference; lastKnownFileType = wrapper.framework; name = QuickLite.framework; path = /Library/Frameworks/QuickLite.framework; sourceTree = "<absolute>"; };
		4BAB8F1F0F3C4C200073CAB4 /* EDSocket.m */ = {isa = PBXFileReference; fileEncoding = 4; lastKnownFileType = sourcecode.c.objc; path = EDSocket.m; sourceTree = "<group>"; };
		4BAB8F200F3C4C200073CAB4 /* EDSocket.h */ = {isa = PBXFileReference; fileEncoding = 4; lastKnownFileType = sourcecode.c.h; path = EDSocket.h; sourceTree = "<group>"; };
		4BAB8F210F3C4C200073CAB4 /* EDIPSocket.m */ = {isa = PBXFileReference; fileEncoding = 4; lastKnownFileType = sourcecode.c.objc; path = EDIPSocket.m; sourceTree = "<group>"; };
		4BAB8F220F3C4C200073CAB4 /* EDIPSocket.h */ = {isa = PBXFileReference; fileEncoding = 4; lastKnownFileType = sourcecode.c.h; path = EDIPSocket.h; sourceTree = "<group>"; };
		4BAB8F230F3C4C200073CAB4 /* EDUDPSocket.h */ = {isa = PBXFileReference; fileEncoding = 4; lastKnownFileType = sourcecode.c.h; path = EDUDPSocket.h; sourceTree = "<group>"; };
		4BAB8F240F3C4C200073CAB4 /* EDUDPSocket.m */ = {isa = PBXFileReference; fileEncoding = 4; lastKnownFileType = sourcecode.c.objc; path = EDUDPSocket.m; sourceTree = "<group>"; };
		4BAB8F290F3C4C470073CAB4 /* NSObject+Extensions.m */ = {isa = PBXFileReference; fileEncoding = 4; lastKnownFileType = sourcecode.c.objc; path = "NSObject+Extensions.m"; sourceTree = "<group>"; };
		4BAB8F2A0F3C4C470073CAB4 /* NSObject+Extensions.h */ = {isa = PBXFileReference; fileEncoding = 4; lastKnownFileType = sourcecode.c.h; path = "NSObject+Extensions.h"; sourceTree = "<group>"; };
		4BAB8F2C0F3C4C5A0073CAB4 /* osdep.h */ = {isa = PBXFileReference; fileEncoding = 4; lastKnownFileType = sourcecode.c.h; path = osdep.h; sourceTree = "<group>"; };
		4BAB8F390F3C4C7E0073CAB4 /* functions.m */ = {isa = PBXFileReference; fileEncoding = 4; lastKnownFileType = sourcecode.c.objc; path = functions.m; sourceTree = "<group>"; };
		4BAB8F3A0F3C4C7E0073CAB4 /* functions.h */ = {isa = PBXFileReference; fileEncoding = 4; lastKnownFileType = sourcecode.c.h; path = functions.h; sourceTree = "<group>"; };
		4BAB8F3D0F3C4C9D0073CAB4 /* NSFileHandle+Extensions.m */ = {isa = PBXFileReference; fileEncoding = 4; lastKnownFileType = sourcecode.c.objc; path = "NSFileHandle+Extensions.m"; sourceTree = "<group>"; };
		4BAB8F3E0F3C4C9D0073CAB4 /* NSFileHandle+Extensions.h */ = {isa = PBXFileReference; fileEncoding = 4; lastKnownFileType = sourcecode.c.h; path = "NSFileHandle+Extensions.h"; sourceTree = "<group>"; };
		4BAB8F410F3C4DB50073CAB4 /* EDCommonDefines.h */ = {isa = PBXFileReference; fileEncoding = 4; lastKnownFileType = sourcecode.c.h; path = EDCommonDefines.h; sourceTree = "<group>"; };
		4BAB8F430F3C4DC50073CAB4 /* EDObjcRuntime.h */ = {isa = PBXFileReference; fileEncoding = 4; lastKnownFileType = sourcecode.c.h; path = EDObjcRuntime.h; sourceTree = "<group>"; };
		4BAB90900F3C87750073CAB4 /* ADBResponseCodes.h */ = {isa = PBXFileReference; fileEncoding = 4; lastKnownFileType = sourcecode.c.h; path = ADBResponseCodes.h; sourceTree = "<group>"; };
		4BE6C44B0F39FBD000123B94 /* KNController.h */ = {isa = PBXFileReference; fileEncoding = 4; lastKnownFileType = sourcecode.c.h; path = KNController.h; sourceTree = "<group>"; };
		4BE6C44C0F39FBD000123B94 /* KNController.m */ = {isa = PBXFileReference; fileEncoding = 4; lastKnownFileType = sourcecode.c.objc; path = KNController.m; sourceTree = "<group>"; };
		4BE6C4510F39FE3500123B94 /* ADBAnime.h */ = {isa = PBXFileReference; fileEncoding = 4; lastKnownFileType = sourcecode.c.h; path = ADBAnime.h; sourceTree = "<group>"; };
		4BE6C4520F39FE3500123B94 /* ADBAnime.m */ = {isa = PBXFileReference; fileEncoding = 4; lastKnownFileType = sourcecode.c.objc; path = ADBAnime.m; sourceTree = "<group>"; };
		4BE6C4530F39FE3500123B94 /* ADBEpisode.h */ = {isa = PBXFileReference; fileEncoding = 4; lastKnownFileType = sourcecode.c.h; path = ADBEpisode.h; sourceTree = "<group>"; };
		4BE6C4540F39FE3500123B94 /* ADBEpisode.m */ = {isa = PBXFileReference; fileEncoding = 4; lastKnownFileType = sourcecode.c.objc; path = ADBEpisode.m; sourceTree = "<group>"; };
		4BE6C4550F39FE3500123B94 /* ADBFile.h */ = {isa = PBXFileReference; fileEncoding = 4; lastKnownFileType = sourcecode.c.h; path = ADBFile.h; sourceTree = "<group>"; };
		4BE6C4560F39FE3500123B94 /* ADBFile.m */ = {isa = PBXFileReference; fileEncoding = 4; lastKnownFileType = sourcecode.c.objc; path = ADBFile.m; sourceTree = "<group>"; };
		4BE6C4570F39FE3500123B94 /* ADBGroup.h */ = {isa = PBXFileReference; fileEncoding = 4; lastKnownFileType = sourcecode.c.h; path = ADBGroup.h; sourceTree = "<group>"; };
		4BE6C4580F39FE3500123B94 /* ADBGroup.m */ = {isa = PBXFileReference; fileEncoding = 4; lastKnownFileType = sourcecode.c.objc; path = ADBGroup.m; sourceTree = "<group>"; };
		4BE6C4590F39FE3500123B94 /* KNLocalizeKeyTransformer.h */ = {isa = PBXFileReference; fileEncoding = 4; lastKnownFileType = sourcecode.c.h; path = KNLocalizeKeyTransformer.h; sourceTree = "<group>"; };
		4BE6C45A0F39FE3500123B94 /* KNLocalizeKeyTransformer.m */ = {isa = PBXFileReference; fileEncoding = 4; lastKnownFileType = sourcecode.c.objc; path = KNLocalizeKeyTransformer.m; sourceTree = "<group>"; };
		4BE6C45B0F39FE3500123B94 /* KNNode.h */ = {isa = PBXFileReference; fileEncoding = 4; lastKnownFileType = sourcecode.c.h; path = KNNode.h; sourceTree = "<group>"; };
		4BE6C45C0F39FE3500123B94 /* KNNode.m */ = {isa = PBXFileReference; fileEncoding = 4; lastKnownFileType = sourcecode.c.objc; path = KNNode.m; sourceTree = "<group>"; };
		4BE6C45D0F39FE3500123B94 /* KNPropertiesTransformer.h */ = {isa = PBXFileReference; fileEncoding = 4; lastKnownFileType = sourcecode.c.h; path = KNPropertiesTransformer.h; sourceTree = "<group>"; };
		4BE6C45E0F39FE3500123B94 /* KNPropertiesTransformer.m */ = {isa = PBXFileReference; fileEncoding = 4; lastKnownFileType = sourcecode.c.objc; path = KNPropertiesTransformer.m; sourceTree = "<group>"; };
		8D1107310486CEB800E47090 /* Info.plist */ = {isa = PBXFileReference; fileEncoding = 4; lastKnownFileType = text.plist.xml; path = Info.plist; sourceTree = "<group>"; };
		8D1107320486CEB800E47090 /* Nijikon.app */ = {isa = PBXFileReference; explicitFileType = wrapper.application; includeInIndex = 0; path = Nijikon.app; sourceTree = BUILT_PRODUCTS_DIR; };
/* End PBXFileReference section */

/* Begin PBXFrameworksBuildPhase section */
		8D11072E0486CEB800E47090 /* Frameworks */ = {
			isa = PBXFrameworksBuildPhase;
			buildActionMask = 2147483647;
			files = (
				8D11072F0486CEB800E47090 /* Cocoa.framework in Frameworks */,
				4BA7007A0F3AC8A8000E6A65 /* QuickLite.framework in Frameworks */,
			);
			runOnlyForDeploymentPostprocessing = 0;
		};
/* End PBXFrameworksBuildPhase section */

/* Begin PBXGroup section */
		080E96DDFE201D6D7F000001 /* Classes */ = {
			isa = PBXGroup;
			children = (
				4B5B73120F49931000B070E5 /* KNKeyArrays.h */,
				4BE6C44B0F39FBD000123B94 /* KNController.h */,
				4BE6C44C0F39FBD000123B94 /* KNController.m */,
				4BE6C45B0F39FE3500123B94 /* KNNode.h */,
				4BE6C45C0F39FE3500123B94 /* KNNode.m */,
				4B5B73040F49919500B070E5 /* KNPreferences.h */,
				4B5B73050F49919500B070E5 /* KNPreferences.m */,
				4B290E320F482120001F51E6 /* NSXMLNode+Extensions.h */,
				4B290E330F482120001F51E6 /* NSXMLNode+Extensions.m */,
				4BAB8F190F3C4B8A0073CAB4 /* AniDB classes */,
				4BAB8F1E0F3C4BB90073CAB4 /* Networking classes */,
				4B5B70770F4893D200B070E5 /* Hashing classes */,
				4B4845510F3E185200DD56C5 /* Transformer classes */,
				4B60EC8D0F54185100AB64F8 /* Mac specific classes */,
				4B60EC8E0F54186200AB64F8 /* iPhone specific classes */,
			);
			name = Classes;
			sourceTree = "<group>";
		};
		1058C7A0FEA54F0111CA2CBB /* Linked Frameworks */ = {
			isa = PBXGroup;
			children = (
				1058C7A1FEA54F0111CA2CBB /* Cocoa.framework */,
			);
			name = "Linked Frameworks";
			sourceTree = "<group>";
		};
		1058C7A2FEA54F0111CA2CBB /* Other Frameworks */ = {
			isa = PBXGroup;
			children = (
				4BA700790F3AC8A8000E6A65 /* QuickLite.framework */,
				29B97324FDCFA39411CA2CEA /* AppKit.framework */,
				13E42FB307B3F0F600E4EEF1 /* CoreData.framework */,
				29B97325FDCFA39411CA2CEA /* Foundation.framework */,
			);
			name = "Other Frameworks";
			sourceTree = "<group>";
		};
		19C28FACFE9D520D11CA2CBB /* Products */ = {
			isa = PBXGroup;
			children = (
				8D1107320486CEB800E47090 /* Nijikon.app */,
			);
			name = Products;
			sourceTree = "<group>";
		};
		29B97314FDCFA39411CA2CEA /* Nijikon */ = {
			isa = PBXGroup;
			children = (
				080E96DDFE201D6D7F000001 /* Classes */,
				29B97315FDCFA39411CA2CEA /* Other Sources */,
				29B97317FDCFA39411CA2CEA /* Resources */,
				29B97323FDCFA39411CA2CEA /* Frameworks */,
				19C28FACFE9D520D11CA2CBB /* Products */,
			);
			name = Nijikon;
			sourceTree = "<group>";
		};
		29B97315FDCFA39411CA2CEA /* Other Sources */ = {
			isa = PBXGroup;
			children = (
				4BAB8F2C0F3C4C5A0073CAB4 /* osdep.h */,
				32CA4F630368D1EE00C91783 /* Nijikon_Prefix.pch */,
				29B97316FDCFA39411CA2CEA /* main.m */,
			);
			name = "Other Sources";
			sourceTree = "<group>";
		};
		29B97317FDCFA39411CA2CEA /* Resources */ = {
			isa = PBXGroup;
			children = (
				4B4845D20F3EC9DA00DD56C5 /* Localizable.strings */,
				8D1107310486CEB800E47090 /* Info.plist */,
				4B60EC7F0F54172400AB64F8 /* Nijikon iPhone-Info.plist */,
				089C165CFE840E0CC02AAC07 /* InfoPlist.strings */,
				1DDD58140DA1D0A300B32029 /* MainMenu.xib */,
			);
			name = Resources;
			sourceTree = "<group>";
		};
		29B97323FDCFA39411CA2CEA /* Frameworks */ = {
			isa = PBXGroup;
			children = (
				1058C7A0FEA54F0111CA2CBB /* Linked Frameworks */,
				1058C7A2FEA54F0111CA2CBB /* Other Frameworks */,
			);
			name = Frameworks;
			sourceTree = "<group>";
		};
		4B4845510F3E185200DD56C5 /* Transformer classes */ = {
			isa = PBXGroup;
			children = (
				4BE6C4590F39FE3500123B94 /* KNLocalizeKeyTransformer.h */,
				4BE6C45A0F39FE3500123B94 /* KNLocalizeKeyTransformer.m */,
				4BE6C45D0F39FE3500123B94 /* KNPropertiesTransformer.h */,
				4BE6C45E0F39FE3500123B94 /* KNPropertiesTransformer.m */,
				4B4845CD0F3EC97F00DD56C5 /* KNStatusToStringTransformer.h */,
				4B4845CE0F3EC97F00DD56C5 /* KNStatusToStringTransformer.m */,
				4B2020370F50579000229455 /* KNDisplayedNameTransformer.h */,
				4B2020380F50579000229455 /* KNDisplayedNameTransformer.m */,
			);
			name = "Transformer classes";
			sourceTree = "<group>";
		};
		4B48BEDB0F4B0F83007B8F51 /* Base */ = {
			isa = PBXGroup;
			children = (
				4B23ACC60F461173007E5ECA /* ADBKeyArrays.h */,
				4BAB90900F3C87750073CAB4 /* ADBResponseCodes.h */,
				4B48BE1A0F4B01C8007B8F51 /* ADBObject.h */,
				4B48BE1B0F4B01C8007B8F51 /* ADBObject.m */,
			);
			name = Base;
			sourceTree = "<group>";
		};
		4B48BEDC0F4B0F98007B8F51 /* Data IO */ = {
			isa = PBXGroup;
			children = (
				4B808EDD0F3BF88300001AF0 /* ADBConnection.h */,
				4B808EDE0F3BF88300001AF0 /* ADBConnection.m */,
				4B23AA030F45CA4D007E5ECA /* ADBFacade.h */,
				4B23AA040F45CA4D007E5ECA /* ADBFacade.m */,
				4B48C07F0F4B50E2007B8F51 /* ADBCachedFacade.h */,
				4B48C0800F4B50E2007B8F51 /* ADBCachedFacade.m */,
				4B290E530F4821D7001F51E6 /* ADBMylistExport.h */,
				4B290E540F4821D7001F51E6 /* ADBMylistExport.m */,
			);
			name = "Data IO";
			sourceTree = "<group>";
		};
		4B5B70770F4893D200B070E5 /* Hashing classes */ = {
			isa = PBXGroup;
			children = (
				4B5B707F0F48949000B070E5 /* KNED2k.h */,
				4B5B70800F48949000B070E5 /* KNED2k.m */,
			);
			name = "Hashing classes";
			sourceTree = "<group>";
		};
		4B60EC8D0F54185100AB64F8 /* Mac specific classes */ = {
			isa = PBXGroup;
			children = (
				4B60ECA10F541B7100AB64F8 /* KNMacController.h */,
				4B60ECA20F541B7100AB64F8 /* KNMacController.m */,
			);
			name = "Mac specific classes";
			sourceTree = "<group>";
		};
		4B60EC8E0F54186200AB64F8 /* iPhone specific classes */ = {
			isa = PBXGroup;
			children = (
				4B60EC8F0F54189600AB64F8 /* KNiPhoneController.h */,
				4B60EC900F54189600AB64F8 /* KNiPhoneController.m */,
			);
			name = "iPhone specific classes";
			sourceTree = "<group>";
		};
		4BAB8F190F3C4B8A0073CAB4 /* AniDB classes */ = {
			isa = PBXGroup;
			children = (
				4B48BEDB0F4B0F83007B8F51 /* Base */,
				4B48BEDC0F4B0F98007B8F51 /* Data IO */,
				4B81E0490F45771A0030D3AC /* ADBMylistEntry.h */,
				4B81E04A0F45771A0030D3AC /* ADBMylistEntry.m */,
				4BE6C4570F39FE3500123B94 /* ADBGroup.h */,
				4BE6C4580F39FE3500123B94 /* ADBGroup.m */,
				4BE6C4510F39FE3500123B94 /* ADBAnime.h */,
				4BE6C4520F39FE3500123B94 /* ADBAnime.m */,
				4BE6C4530F39FE3500123B94 /* ADBEpisode.h */,
				4BE6C4540F39FE3500123B94 /* ADBEpisode.m */,
				4BE6C4550F39FE3500123B94 /* ADBFile.h */,
				4BE6C4560F39FE3500123B94 /* ADBFile.m */,
			);
			name = "AniDB classes";
			sourceTree = "<group>";
		};
		4BAB8F1E0F3C4BB90073CAB4 /* Networking classes */ = {
			isa = PBXGroup;
			children = (
				4BAB8F430F3C4DC50073CAB4 /* EDObjcRuntime.h */,
				4BAB8F410F3C4DB50073CAB4 /* EDCommonDefines.h */,
				4BAB8F2A0F3C4C470073CAB4 /* NSObject+Extensions.h */,
				4BAB8F290F3C4C470073CAB4 /* NSObject+Extensions.m */,
				4BAB8F3E0F3C4C9D0073CAB4 /* NSFileHandle+Extensions.h */,
				4BAB8F3D0F3C4C9D0073CAB4 /* NSFileHandle+Extensions.m */,
				4BAB8F3A0F3C4C7E0073CAB4 /* functions.h */,
				4BAB8F390F3C4C7E0073CAB4 /* functions.m */,
				4BAB8F200F3C4C200073CAB4 /* EDSocket.h */,
				4BAB8F1F0F3C4C200073CAB4 /* EDSocket.m */,
				4BAB8F220F3C4C200073CAB4 /* EDIPSocket.h */,
				4BAB8F210F3C4C200073CAB4 /* EDIPSocket.m */,
				4BAB8F230F3C4C200073CAB4 /* EDUDPSocket.h */,
				4BAB8F240F3C4C200073CAB4 /* EDUDPSocket.m */,
			);
			name = "Networking classes";
			sourceTree = "<group>";
		};
/* End PBXGroup section */

/* Begin PBXNativeTarget section */
		8D1107260486CEB800E47090 /* Nijikon */ = {
			isa = PBXNativeTarget;
			buildConfigurationList = C01FCF4A08A954540054247B /* Build configuration list for PBXNativeTarget "Nijikon" */;
			buildPhases = (
				8D1107290486CEB800E47090 /* Resources */,
				8D11072C0486CEB800E47090 /* Sources */,
				8D11072E0486CEB800E47090 /* Frameworks */,
			);
			buildRules = (
			);
			dependencies = (
			);
			name = Nijikon;
			productInstallPath = "$(HOME)/Applications";
			productName = Nijikon;
			productReference = 8D1107320486CEB800E47090 /* Nijikon.app */;
			productType = "com.apple.product-type.application";
		};
/* End PBXNativeTarget section */

/* Begin PBXProject section */
		29B97313FDCFA39411CA2CEA /* Project object */ = {
			isa = PBXProject;
			buildConfigurationList = C01FCF4E08A954540054247B /* Build configuration list for PBXProject "Nijikon" */;
			compatibilityVersion = "Xcode 3.1";
			hasScannedForEncodings = 1;
			mainGroup = 29B97314FDCFA39411CA2CEA /* Nijikon */;
			projectDirPath = "";
			projectRoot = "";
			targets = (
				8D1107260486CEB800E47090 /* Nijikon */,
			);
		};
/* End PBXProject section */

/* Begin PBXResourcesBuildPhase section */
		8D1107290486CEB800E47090 /* Resources */ = {
			isa = PBXResourcesBuildPhase;
			buildActionMask = 2147483647;
			files = (
				8D11072B0486CEB800E47090 /* InfoPlist.strings in Resources */,
				1DDD58160DA1D0A300B32029 /* MainMenu.xib in Resources */,
				4B4845D30F3EC9DA00DD56C5 /* Localizable.strings in Resources */,
			);
			runOnlyForDeploymentPostprocessing = 0;
		};
/* End PBXResourcesBuildPhase section */

/* Begin PBXSourcesBuildPhase section */
		8D11072C0486CEB800E47090 /* Sources */ = {
			isa = PBXSourcesBuildPhase;
			buildActionMask = 2147483647;
			files = (
				8D11072D0486CEB800E47090 /* main.m in Sources */,
				4BE6C44D0F39FBD000123B94 /* KNController.m in Sources */,
				4BE6C45F0F39FE3500123B94 /* ADBAnime.m in Sources */,
				4BE6C4600F39FE3500123B94 /* ADBEpisode.m in Sources */,
				4BE6C4610F39FE3500123B94 /* ADBFile.m in Sources */,
				4BE6C4620F39FE3500123B94 /* ADBGroup.m in Sources */,
				4BE6C4630F39FE3500123B94 /* KNLocalizeKeyTransformer.m in Sources */,
				4BE6C4640F39FE3500123B94 /* KNNode.m in Sources */,
				4BE6C4650F39FE3500123B94 /* KNPropertiesTransformer.m in Sources */,
				4B808EDF0F3BF88300001AF0 /* ADBConnection.m in Sources */,
				4BAB8F250F3C4C200073CAB4 /* EDSocket.m in Sources */,
				4BAB8F260F3C4C200073CAB4 /* EDIPSocket.m in Sources */,
				4BAB8F270F3C4C200073CAB4 /* EDUDPSocket.m in Sources */,
				4BAB8F2B0F3C4C470073CAB4 /* NSObject+Extensions.m in Sources */,
				4BAB8F3B0F3C4C7E0073CAB4 /* functions.m in Sources */,
				4BAB8F3F0F3C4C9D0073CAB4 /* NSFileHandle+Extensions.m in Sources */,
				4B4845CF0F3EC97F00DD56C5 /* KNStatusToStringTransformer.m in Sources */,
				4B81E04B0F45771A0030D3AC /* ADBMylistEntry.m in Sources */,
				4B23AA050F45CA4D007E5ECA /* ADBFacade.m in Sources */,
				4B290E340F482120001F51E6 /* NSXMLNode+Extensions.m in Sources */,
				4B290E550F4821D7001F51E6 /* ADBMylistExport.m in Sources */,
				4B5B70810F48949000B070E5 /* KNED2k.m in Sources */,
				4B5B73060F49919500B070E5 /* KNPreferences.m in Sources */,
				4B48BE1C0F4B01C8007B8F51 /* ADBObject.m in Sources */,
				4B48C0810F4B50E2007B8F51 /* ADBCachedFacade.m in Sources */,
				4B2020390F50579000229455 /* KNDisplayedNameTransformer.m in Sources */,
				4B60ECA30F541B7100AB64F8 /* KNMacController.m in Sources */,
			);
			runOnlyForDeploymentPostprocessing = 0;
		};
/* End PBXSourcesBuildPhase section */

/* Begin PBXVariantGroup section */
		089C165CFE840E0CC02AAC07 /* InfoPlist.strings */ = {
			isa = PBXVariantGroup;
			children = (
				089C165DFE840E0CC02AAC07 /* English */,
			);
			name = InfoPlist.strings;
			sourceTree = "<group>";
		};
		1DDD58140DA1D0A300B32029 /* MainMenu.xib */ = {
			isa = PBXVariantGroup;
			children = (
				1DDD58150DA1D0A300B32029 /* English */,
			);
			name = MainMenu.xib;
			sourceTree = "<group>";
		};
		4B4845D20F3EC9DA00DD56C5 /* Localizable.strings */ = {
			isa = PBXVariantGroup;
			children = (
				4B4845D00F3EC9B900DD56C5 /* English */,
			);
			name = Localizable.strings;
			sourceTree = "<group>";
		};
/* End PBXVariantGroup section */

/* Begin XCBuildConfiguration section */
		C01FCF4B08A954540054247B /* Debug */ = {
			isa = XCBuildConfiguration;
			buildSettings = {
				ALWAYS_SEARCH_USER_PATHS = NO;
				COPY_PHASE_STRIP = NO;
				GCC_DYNAMIC_NO_PIC = NO;
				GCC_ENABLE_FIX_AND_CONTINUE = YES;
				GCC_MODEL_TUNING = G5;
				GCC_OPTIMIZATION_LEVEL = 0;
				GCC_PRECOMPILE_PREFIX_HEADER = YES;
				GCC_PREFIX_HEADER = Nijikon_Prefix.pch;
				INFOPLIST_FILE = Info.plist;
				INSTALL_PATH = "$(HOME)/Applications";
				PRODUCT_NAME = Nijikon;
			};
			name = Debug;
		};
		C01FCF4C08A954540054247B /* Release */ = {
			isa = XCBuildConfiguration;
			buildSettings = {
				ALWAYS_SEARCH_USER_PATHS = NO;
				DEBUG_INFORMATION_FORMAT = "dwarf-with-dsym";
				GCC_MODEL_TUNING = G5;
				GCC_PRECOMPILE_PREFIX_HEADER = YES;
				GCC_PREFIX_HEADER = Nijikon_Prefix.pch;
				INFOPLIST_FILE = Info.plist;
				INSTALL_PATH = "$(HOME)/Applications";
				PRODUCT_NAME = Nijikon;
			};
			name = Release;
		};
		C01FCF4F08A954540054247B /* Debug */ = {
			isa = XCBuildConfiguration;
			buildSettings = {
				ARCHS = "$(ARCHS_STANDARD_32_BIT)";
				GCC_C_LANGUAGE_STANDARD = c99;
				GCC_OPTIMIZATION_LEVEL = 0;
				GCC_WARN_ABOUT_RETURN_TYPE = YES;
				GCC_WARN_UNUSED_VARIABLE = YES;
				ONLY_ACTIVE_ARCH = YES;
				PREBINDING = NO;
				SDKROOT = macosx10.5;
			};
			name = Debug;
		};
		C01FCF5008A954540054247B /* Release */ = {
			isa = XCBuildConfiguration;
			buildSettings = {
				ARCHS = "$(ARCHS_STANDARD_32_BIT)";
				GCC_C_LANGUAGE_STANDARD = c99;
				GCC_WARN_ABOUT_RETURN_TYPE = YES;
				GCC_WARN_UNUSED_VARIABLE = YES;
				PREBINDING = NO;
				SDKROOT = macosx10.5;
			};
			name = Release;
		};
/* End XCBuildConfiguration section */

/* Begin XCConfigurationList section */
		C01FCF4A08A954540054247B /* Build configuration list for PBXNativeTarget "Nijikon" */ = {
			isa = XCConfigurationList;
			buildConfigurations = (
				C01FCF4B08A954540054247B /* Debug */,
				C01FCF4C08A954540054247B /* Release */,
			);
			defaultConfigurationIsVisible = 0;
			defaultConfigurationName = Release;
		};
		C01FCF4E08A954540054247B /* Build configuration list for PBXProject "Nijikon" */ = {
			isa = XCConfigurationList;
			buildConfigurations = (
				C01FCF4F08A954540054247B /* Debug */,
				C01FCF5008A954540054247B /* Release */,
			);
			defaultConfigurationIsVisible = 0;
			defaultConfigurationName = Release;
		};
/* End XCConfigurationList section */
	};
	rootObject = 29B97313FDCFA39411CA2CEA /* Project object */;
}
